// !$*UTF8*$!
{
	archiveVersion = 1;
	classes = {
	};
	objectVersion = 46;
	objects = {

/* Begin PBXBuildFile section */
		C6FB49B96B5A4A45D9170B61 /* libPods.a in Frameworks */ = {isa = PBXBuildFile; fileRef = 2340772F33452FAFC9CFE32E /* libPods.a */; };
		F0043A151AF9986600AD6E62 /* ArchiveViewController.m in Sources */ = {isa = PBXBuildFile; fileRef = F0043A141AF9986600AD6E62 /* ArchiveViewController.m */; };
		F0043A171AF9987200AD6E62 /* ArchiveViewController.xib in Resources */ = {isa = PBXBuildFile; fileRef = F0043A161AF9987200AD6E62 /* ArchiveViewController.xib */; };
		F0043A1C1AF99E2700AD6E62 /* ClockViewController.m in Sources */ = {isa = PBXBuildFile; fileRef = F0043A1A1AF99E2700AD6E62 /* ClockViewController.m */; };
		F0043A1D1AF99E2700AD6E62 /* ClockViewController.xib in Resources */ = {isa = PBXBuildFile; fileRef = F0043A1B1AF99E2700AD6E62 /* ClockViewController.xib */; };
		F097AEE71AF7146600187883 /* AppDelegate.m in Sources */ = {isa = PBXBuildFile; fileRef = F097AEE41AF7146600187883 /* AppDelegate.m */; };
		F097AEE91AF7146600187883 /* main.m in Sources */ = {isa = PBXBuildFile; fileRef = F097AEE61AF7146600187883 /* main.m */; };
		F097AEED1AF7158A00187883 /* LaunchScreen.xib in Resources */ = {isa = PBXBuildFile; fileRef = F097AEEB1AF7158A00187883 /* LaunchScreen.xib */; };
		F097AEEE1AF7158A00187883 /* Main.storyboard in Resources */ = {isa = PBXBuildFile; fileRef = F097AEEC1AF7158A00187883 /* Main.storyboard */; };
		F097AEF11AF715A700187883 /* Images.xcassets in Resources */ = {isa = PBXBuildFile; fileRef = F097AEF01AF715A700187883 /* Images.xcassets */; };
		F097AEF51AF715D000187883 /* ViewController.m in Sources */ = {isa = PBXBuildFile; fileRef = F097AEF41AF715D000187883 /* ViewController.m */; };
/* End PBXBuildFile section */

/* Begin PBXFileReference section */
		2340772F33452FAFC9CFE32E /* libPods.a */ = {isa = PBXFileReference; explicitFileType = archive.ar; includeInIndex = 0; path = libPods.a; sourceTree = BUILT_PRODUCTS_DIR; };
		509973F002014CC75A1A7C75 /* Pods.debug.xcconfig */ = {isa = PBXFileReference; includeInIndex = 1; lastKnownFileType = text.xcconfig; name = Pods.debug.xcconfig; path = "Pods/Target Support Files/Pods/Pods.debug.xcconfig"; sourceTree = "<group>"; };
		A5175080EC50F8ABAEE40220 /* Pods.release.xcconfig */ = {isa = PBXFileReference; includeInIndex = 1; lastKnownFileType = text.xcconfig; name = Pods.release.xcconfig; path = "Pods/Target Support Files/Pods/Pods.release.xcconfig"; sourceTree = "<group>"; };
		F0043A131AF9986600AD6E62 /* ArchiveViewController.h */ = {isa = PBXFileReference; fileEncoding = 4; lastKnownFileType = sourcecode.c.h; path = ArchiveViewController.h; sourceTree = "<group>"; };
		F0043A141AF9986600AD6E62 /* ArchiveViewController.m */ = {isa = PBXFileReference; fileEncoding = 4; lastKnownFileType = sourcecode.c.objc; path = ArchiveViewController.m; sourceTree = "<group>"; };
		F0043A161AF9987200AD6E62 /* ArchiveViewController.xib */ = {isa = PBXFileReference; fileEncoding = 4; lastKnownFileType = file.xib; path = ArchiveViewController.xib; sourceTree = "<group>"; };
		F0043A191AF99E2700AD6E62 /* ClockViewController.h */ = {isa = PBXFileReference; fileEncoding = 4; lastKnownFileType = sourcecode.c.h; path = ClockViewController.h; sourceTree = "<group>"; };
		F0043A1A1AF99E2700AD6E62 /* ClockViewController.m */ = {isa = PBXFileReference; fileEncoding = 4; lastKnownFileType = sourcecode.c.objc; path = ClockViewController.m; sourceTree = "<group>"; };
		F0043A1B1AF99E2700AD6E62 /* ClockViewController.xib */ = {isa = PBXFileReference; fileEncoding = 4; lastKnownFileType = file.xib; path = ClockViewController.xib; sourceTree = "<group>"; };
		F097AEB91AF7124000187883 /* Example.app */ = {isa = PBXFileReference; explicitFileType = wrapper.application; includeInIndex = 0; path = Example.app; sourceTree = BUILT_PRODUCTS_DIR; };
		F097AEE31AF7146600187883 /* AppDelegate.h */ = {isa = PBXFileReference; fileEncoding = 4; lastKnownFileType = sourcecode.c.h; path = AppDelegate.h; sourceTree = "<group>"; };
		F097AEE41AF7146600187883 /* AppDelegate.m */ = {isa = PBXFileReference; fileEncoding = 4; lastKnownFileType = sourcecode.c.objc; path = AppDelegate.m; sourceTree = "<group>"; };
		F097AEE51AF7146600187883 /* Info.plist */ = {isa = PBXFileReference; fileEncoding = 4; lastKnownFileType = text.plist.xml; path = Info.plist; sourceTree = "<group>"; };
		F097AEE61AF7146600187883 /* main.m */ = {isa = PBXFileReference; fileEncoding = 4; lastKnownFileType = sourcecode.c.objc; path = main.m; sourceTree = "<group>"; };
		F097AEEB1AF7158A00187883 /* LaunchScreen.xib */ = {isa = PBXFileReference; fileEncoding = 4; lastKnownFileType = file.xib; path = LaunchScreen.xib; sourceTree = "<group>"; };
		F097AEEC1AF7158A00187883 /* Main.storyboard */ = {isa = PBXFileReference; fileEncoding = 4; lastKnownFileType = file.storyboard; path = Main.storyboard; sourceTree = "<group>"; };
		F097AEF01AF715A700187883 /* Images.xcassets */ = {isa = PBXFileReference; lastKnownFileType = folder.assetcatalog; path = Images.xcassets; sourceTree = "<group>"; };
		F097AEF31AF715D000187883 /* ViewController.h */ = {isa = PBXFileReference; fileEncoding = 4; lastKnownFileType = sourcecode.c.h; path = ViewController.h; sourceTree = "<group>"; };
		F097AEF41AF715D000187883 /* ViewController.m */ = {isa = PBXFileReference; fileEncoding = 4; lastKnownFileType = sourcecode.c.objc; path = ViewController.m; sourceTree = "<group>"; };
/* End PBXFileReference section */

/* Begin PBXFrameworksBuildPhase section */
		F097AEB61AF7124000187883 /* Frameworks */ = {
			isa = PBXFrameworksBuildPhase;
			buildActionMask = 2147483647;
			files = (
				C6FB49B96B5A4A45D9170B61 /* libPods.a in Frameworks */,
			);
			runOnlyForDeploymentPostprocessing = 0;
		};
/* End PBXFrameworksBuildPhase section */

/* Begin PBXGroup section */
		8C9444A42ECE35FAF4752529 /* Pods */ = {
			isa = PBXGroup;
			children = (
				509973F002014CC75A1A7C75 /* Pods.debug.xcconfig */,
				A5175080EC50F8ABAEE40220 /* Pods.release.xcconfig */,
			);
			name = Pods;
			sourceTree = "<group>";
		};
		F0043A121AF9984800AD6E62 /* Archive */ = {
			isa = PBXGroup;
			children = (
				F0043A131AF9986600AD6E62 /* ArchiveViewController.h */,
				F0043A141AF9986600AD6E62 /* ArchiveViewController.m */,
				F0043A161AF9987200AD6E62 /* ArchiveViewController.xib */,
			);
			path = Archive;
			sourceTree = "<group>";
		};
		F0043A181AF99E1200AD6E62 /* Clock */ = {
			isa = PBXGroup;
			children = (
				F0043A191AF99E2700AD6E62 /* ClockViewController.h */,
				F0043A1A1AF99E2700AD6E62 /* ClockViewController.m */,
				F0043A1B1AF99E2700AD6E62 /* ClockViewController.xib */,
			);
			path = Clock;
			sourceTree = "<group>";
		};
		F097AEB01AF7124000187883 = {
			isa = PBXGroup;
			children = (
				F097AEE21AF7146600187883 /* Application */,
				F097AEF21AF715D000187883 /* Controllers */,
				F097AEEA1AF7158A00187883 /* Screens */,
				F097AEEF1AF715A700187883 /* Resource */,
				F097AEBA1AF7124000187883 /* Products */,
				8C9444A42ECE35FAF4752529 /* Pods */,
				FFF8D05CC8390AB0BC54574E /* Frameworks */,
			);
			sourceTree = "<group>";
		};
		F097AEBA1AF7124000187883 /* Products */ = {
			isa = PBXGroup;
			children = (
				F097AEB91AF7124000187883 /* Example.app */,
			);
			name = Products;
			sourceTree = "<group>";
		};
		F097AEE21AF7146600187883 /* Application */ = {
			isa = PBXGroup;
			children = (
				F097AEE31AF7146600187883 /* AppDelegate.h */,
				F097AEE41AF7146600187883 /* AppDelegate.m */,
				F097AEE51AF7146600187883 /* Info.plist */,
				F097AEE61AF7146600187883 /* main.m */,
			);
			path = Application;
			sourceTree = "<group>";
		};
		F097AEEA1AF7158A00187883 /* Screens */ = {
			isa = PBXGroup;
			children = (
				F097AEEB1AF7158A00187883 /* LaunchScreen.xib */,
				F097AEEC1AF7158A00187883 /* Main.storyboard */,
			);
			path = Screens;
			sourceTree = "<group>";
		};
		F097AEEF1AF715A700187883 /* Resource */ = {
			isa = PBXGroup;
			children = (
				F097AEF01AF715A700187883 /* Images.xcassets */,
			);
			path = Resource;
			sourceTree = "<group>";
		};
		F097AEF21AF715D000187883 /* Controllers */ = {
			isa = PBXGroup;
			children = (
				F0043A121AF9984800AD6E62 /* Archive */,
				F0043A181AF99E1200AD6E62 /* Clock */,
				F097AEF31AF715D000187883 /* ViewController.h */,
				F097AEF41AF715D000187883 /* ViewController.m */,
			);
			path = Controllers;
			sourceTree = "<group>";
		};
		FFF8D05CC8390AB0BC54574E /* Frameworks */ = {
			isa = PBXGroup;
			children = (
				2340772F33452FAFC9CFE32E /* libPods.a */,
			);
			name = Frameworks;
			sourceTree = "<group>";
		};
/* End PBXGroup section */

/* Begin PBXNativeTarget section */
		F097AEB81AF7124000187883 /* Example */ = {
			isa = PBXNativeTarget;
			buildConfigurationList = F097AEDC1AF7124100187883 /* Build configuration list for PBXNativeTarget "Example" */;
			buildPhases = (
				DC325C5C1E00E83DEFD4CE29 /* Check Pods Manifest.lock */,
				F097AEB51AF7124000187883 /* Sources */,
				F097AEB61AF7124000187883 /* Frameworks */,
				F097AEB71AF7124000187883 /* Resources */,
				0F7C557F4AF6EE1952BC379B /* Copy Pods Resources */,
			);
			buildRules = (
			);
			dependencies = (
			);
			name = Example;
			productName = Example;
			productReference = F097AEB91AF7124000187883 /* Example.app */;
			productType = "com.apple.product-type.application";
		};
/* End PBXNativeTarget section */

/* Begin PBXProject section */
		F097AEB11AF7124000187883 /* Project object */ = {
			isa = PBXProject;
			attributes = {
				LastUpgradeCheck = 0630;
				ORGANIZATIONNAME = "Ezequiel Scaruli";
				TargetAttributes = {
					F097AEB81AF7124000187883 = {
						CreatedOnToolsVersion = 6.3.1;
					};
				};
			};
			buildConfigurationList = F097AEB41AF7124000187883 /* Build configuration list for PBXProject "Example" */;
			compatibilityVersion = "Xcode 3.2";
			developmentRegion = English;
			hasScannedForEncodings = 0;
			knownRegions = (
				en,
				Base,
			);
			mainGroup = F097AEB01AF7124000187883;
			productRefGroup = F097AEBA1AF7124000187883 /* Products */;
			projectDirPath = "";
			projectRoot = "";
			targets = (
				F097AEB81AF7124000187883 /* Example */,
			);
		};
/* End PBXProject section */

/* Begin PBXResourcesBuildPhase section */
		F097AEB71AF7124000187883 /* Resources */ = {
			isa = PBXResourcesBuildPhase;
			buildActionMask = 2147483647;
			files = (
				F097AEEE1AF7158A00187883 /* Main.storyboard in Resources */,
				F097AEF11AF715A700187883 /* Images.xcassets in Resources */,
				F097AEED1AF7158A00187883 /* LaunchScreen.xib in Resources */,
				F0043A1D1AF99E2700AD6E62 /* ClockViewController.xib in Resources */,
				F0043A171AF9987200AD6E62 /* ArchiveViewController.xib in Resources */,
			);
			runOnlyForDeploymentPostprocessing = 0;
		};
/* End PBXResourcesBuildPhase section */

/* Begin PBXShellScriptBuildPhase section */
		0F7C557F4AF6EE1952BC379B /* Copy Pods Resources */ = {
			isa = PBXShellScriptBuildPhase;
			buildActionMask = 2147483647;
			files = (
			);
			inputPaths = (
			);
			name = "Copy Pods Resources";
			outputPaths = (
			);
			runOnlyForDeploymentPostprocessing = 0;
			shellPath = /bin/sh;
			shellScript = "\"${SRCROOT}/Pods/Target Support Files/Pods/Pods-resources.sh\"\n";
			showEnvVarsInLog = 0;
		};
		DC325C5C1E00E83DEFD4CE29 /* Check Pods Manifest.lock */ = {
			isa = PBXShellScriptBuildPhase;
			buildActionMask = 2147483647;
			files = (
			);
			inputPaths = (
			);
			name = "Check Pods Manifest.lock";
			outputPaths = (
			);
			runOnlyForDeploymentPostprocessing = 0;
			shellPath = /bin/sh;
			shellScript = "diff \"${PODS_ROOT}/../Podfile.lock\" \"${PODS_ROOT}/Manifest.lock\" > /dev/null\nif [[ $? != 0 ]] ; then\n    cat << EOM\nerror: The sandbox is not in sync with the Podfile.lock. Run 'pod install' or update your CocoaPods installation.\nEOM\n    exit 1\nfi\n";
			showEnvVarsInLog = 0;
		};
/* End PBXShellScriptBuildPhase section */

/* Begin PBXSourcesBuildPhase section */
		F097AEB51AF7124000187883 /* Sources */ = {
			isa = PBXSourcesBuildPhase;
			buildActionMask = 2147483647;
			files = (
				F097AEE91AF7146600187883 /* main.m in Sources */,
				F097AEE71AF7146600187883 /* AppDelegate.m in Sources */,
				F0043A1C1AF99E2700AD6E62 /* ClockViewController.m in Sources */,
				F097AEF51AF715D000187883 /* ViewController.m in Sources */,
				F0043A151AF9986600AD6E62 /* ArchiveViewController.m in Sources */,
			);
			runOnlyForDeploymentPostprocessing = 0;
		};
/* End PBXSourcesBuildPhase section */

/* Begin XCBuildConfiguration section */
		F097AEDA1AF7124100187883 /* Debug */ = {
			isa = XCBuildConfiguration;
			buildSettings = {
				ALWAYS_SEARCH_USER_PATHS = NO;
				CLANG_CXX_LANGUAGE_STANDARD = "gnu++0x";
				CLANG_CXX_LIBRARY = "libc++";
				CLANG_ENABLE_MODULES = YES;
				CLANG_ENABLE_OBJC_ARC = YES;
				CLANG_WARN_BOOL_CONVERSION = YES;
				CLANG_WARN_CONSTANT_CONVERSION = YES;
				CLANG_WARN_DIRECT_OBJC_ISA_USAGE = YES_ERROR;
				CLANG_WARN_EMPTY_BODY = YES;
				CLANG_WARN_ENUM_CONVERSION = YES;
				CLANG_WARN_INT_CONVERSION = YES;
				CLANG_WARN_OBJC_ROOT_CLASS = YES_ERROR;
				CLANG_WARN_UNREACHABLE_CODE = YES;
				CLANG_WARN__DUPLICATE_METHOD_MATCH = YES;
				"CODE_SIGN_IDENTITY[sdk=iphoneos*]" = "iPhone Developer";
				COPY_PHASE_STRIP = NO;
				DEBUG_INFORMATION_FORMAT = "dwarf-with-dsym";
				ENABLE_STRICT_OBJC_MSGSEND = YES;
				GCC_C_LANGUAGE_STANDARD = gnu99;
				GCC_DYNAMIC_NO_PIC = NO;
				GCC_NO_COMMON_BLOCKS = YES;
				GCC_OPTIMIZATION_LEVEL = 0;
				GCC_PREPROCESSOR_DEFINITIONS = (
					"DEBUG=1",
					"$(inherited)",
				);
				GCC_SYMBOLS_PRIVATE_EXTERN = NO;
				GCC_WARN_64_TO_32_BIT_CONVERSION = YES;
				GCC_WARN_ABOUT_RETURN_TYPE = YES_ERROR;
				GCC_WARN_UNDECLARED_SELECTOR = YES;
				GCC_WARN_UNINITIALIZED_AUTOS = YES_AGGRESSIVE;
				GCC_WARN_UNUSED_FUNCTION = YES;
				GCC_WARN_UNUSED_VARIABLE = YES;
				IPHONEOS_DEPLOYMENT_TARGET = 8.3;
				MTL_ENABLE_DEBUG_INFO = YES;
				ONLY_ACTIVE_ARCH = YES;
				SDKROOT = iphoneos;
			};
			name = Debug;
		};
		F097AEDB1AF7124100187883 /* Release */ = {
			isa = XCBuildConfiguration;
			buildSettings = {
				ALWAYS_SEARCH_USER_PATHS = NO;
				CLANG_CXX_LANGUAGE_STANDARD = "gnu++0x";
				CLANG_CXX_LIBRARY = "libc++";
				CLANG_ENABLE_MODULES = YES;
				CLANG_ENABLE_OBJC_ARC = YES;
				CLANG_WARN_BOOL_CONVERSION = YES;
				CLANG_WARN_CONSTANT_CONVERSION = YES;
				CLANG_WARN_DIRECT_OBJC_ISA_USAGE = YES_ERROR;
				CLANG_WARN_EMPTY_BODY = YES;
				CLANG_WARN_ENUM_CONVERSION = YES;
				CLANG_WARN_INT_CONVERSION = YES;
				CLANG_WARN_OBJC_ROOT_CLASS = YES_ERROR;
				CLANG_WARN_UNREACHABLE_CODE = YES;
				CLANG_WARN__DUPLICATE_METHOD_MATCH = YES;
				"CODE_SIGN_IDENTITY[sdk=iphoneos*]" = "iPhone Developer";
				COPY_PHASE_STRIP = NO;
				DEBUG_INFORMATION_FORMAT = "dwarf-with-dsym";
				ENABLE_NS_ASSERTIONS = NO;
				ENABLE_STRICT_OBJC_MSGSEND = YES;
				GCC_C_LANGUAGE_STANDARD = gnu99;
				GCC_NO_COMMON_BLOCKS = YES;
				GCC_WARN_64_TO_32_BIT_CONVERSION = YES;
				GCC_WARN_ABOUT_RETURN_TYPE = YES_ERROR;
				GCC_WARN_UNDECLARED_SELECTOR = YES;
				GCC_WARN_UNINITIALIZED_AUTOS = YES_AGGRESSIVE;
				GCC_WARN_UNUSED_FUNCTION = YES;
				GCC_WARN_UNUSED_VARIABLE = YES;
				IPHONEOS_DEPLOYMENT_TARGET = 8.3;
				MTL_ENABLE_DEBUG_INFO = NO;
				SDKROOT = iphoneos;
				VALIDATE_PRODUCT = YES;
			};
			name = Release;
		};
		F097AEDD1AF7124100187883 /* Debug */ = {
			isa = XCBuildConfiguration;
			baseConfigurationReference = 509973F002014CC75A1A7C75 /* Pods.debug.xcconfig */;
			buildSettings = {
				ASSETCATALOG_COMPILER_APPICON_NAME = AppIcon;
				INFOPLIST_FILE = Application/Info.plist;
				LD_RUNPATH_SEARCH_PATHS = "$(inherited) @executable_path/Frameworks";
				PRODUCT_NAME = "$(TARGET_NAME)";
			};
			name = Debug;
		};
		F097AEDE1AF7124100187883 /* Release */ = {
			isa = XCBuildConfiguration;
			baseConfigurationReference = A5175080EC50F8ABAEE40220 /* Pods.release.xcconfig */;
			buildSettings = {
				ASSETCATALOG_COMPILER_APPICON_NAME = AppIcon;
				INFOPLIST_FILE = Application/Info.plist;
				LD_RUNPATH_SEARCH_PATHS = "$(inherited) @executable_path/Frameworks";
				PRODUCT_NAME = "$(TARGET_NAME)";
			};
			name = Release;
		};
/* End XCBuildConfiguration section */

/* Begin XCConfigurationList section */
		F097AEB41AF7124000187883 /* Build configuration list for PBXProject "Example" */ = {
			isa = XCConfigurationList;
			buildConfigurations = (
				F097AEDA1AF7124100187883 /* Debug */,
				F097AEDB1AF7124100187883 /* Release */,
			);
			defaultConfigurationIsVisible = 0;
			defaultConfigurationName = Release;
		};
		F097AEDC1AF7124100187883 /* Build configuration list for PBXNativeTarget "Example" */ = {
			isa = XCConfigurationList;
			buildConfigurations = (
				F097AEDD1AF7124100187883 /* Debug */,
				F097AEDE1AF7124100187883 /* Release */,
			);
			defaultConfigurationIsVisible = 0;
			defaultConfigurationName = Release;
		};
/* End XCConfigurationList section */
	};
	rootObject = F097AEB11AF7124000187883 /* Project object */;
}
